
Microsoft Visual Studio Solution File, Format Version 12.00
# Visual Studio Version 16
VisualStudioVersion = 16.0.31313.79
MinimumVisualStudioVersion = 10.0.40219.1
Project("{FAE04EC0-301F-11D3-BF4B-00C04F79EFBC}") = "SchoolTracker", "SchoolTracker\SchoolTracker.csproj", "{4CEE0C11-68E3-47B0-B98D-890EFB6782DC}"
EndProject
Global
	GlobalSection(SolutionConfigurationPlatforms) = preSolution
		Debug|Any CPU = Debug|Any CPU
		Release|Any CPU = Release|Any CPU
	EndGlobalSection
	GlobalSection(ProjectConfigurationPlatforms) = postSolution
		{4CEE0C11-68E3-47B0-B98D-890EFB6782DC}.Debug|Any CPU.ActiveCfg = Debug|Any CPU
		{4CEE0C11-68E3-47B0-B98D-890EFB6782DC}.Debug|Any CPU.Build.0 = Debug|Any CPU
		{4CEE0C11-68E3-47B0-B98D-890EFB6782DC}.Release|Any CPU.ActiveCfg = Release|Any CPU
		{4CEE0C11-68E3-47B0-B98D-890EFB6782DC}.Release|Any CPU.Build.0 = Release|Any CPU
	EndGlobalSection
	GlobalSection(SolutionProperties) = preSolution
		HideSolutionNode = FALSE
	EndGlobalSection
	GlobalSection(ExtensibilityGlobals) = postSolution
		SolutionGuid = {A198D1EA-4792-4E31-AFB1-EE6FD934E0AB}
	EndGlobalSection
EndGlobal
