
Microsoft Visual Studio Solution File, Format Version 12.00
# Visual Studio Version 16
VisualStudioVersion = 16.0.31313.79
MinimumVisualStudioVersion = 10.0.40219.1
Project("{FAE04EC0-301F-11D3-BF4B-00C04F79EFBC}") = "EmployeeAssessment", "EmployeeAssessment.csproj", "{030D06A1-F97A-45BB-8F15-491FC787DD9A}"
EndProject
Project("{FAE04EC0-301F-11D3-BF4B-00C04F79EFBC}") = "Employee_BAL", "..\Employee_BAL\Employee_BAL.csproj", "{EA908E06-B9FF-4668-9903-434AB7712427}"
EndProject
Project("{FAE04EC0-301F-11D3-BF4B-00C04F79EFBC}") = "Employee_DAL", "..\Employee_DAL\Employee_DAL.csproj", "{7F6093F0-E85A-48FF-89A6-C30A2BEE1A0F}"
EndProject
Global
	GlobalSection(SolutionConfigurationPlatforms) = preSolution
		Debug|Any CPU = Debug|Any CPU
		Release|Any CPU = Release|Any CPU
	EndGlobalSection
	GlobalSection(ProjectConfigurationPlatforms) = postSolution
		{030D06A1-F97A-45BB-8F15-491FC787DD9A}.Debug|Any CPU.ActiveCfg = Debug|Any CPU
		{030D06A1-F97A-45BB-8F15-491FC787DD9A}.Debug|Any CPU.Build.0 = Debug|Any CPU
		{030D06A1-F97A-45BB-8F15-491FC787DD9A}.Release|Any CPU.ActiveCfg = Release|Any CPU
		{030D06A1-F97A-45BB-8F15-491FC787DD9A}.Release|Any CPU.Build.0 = Release|Any CPU
		{EA908E06-B9FF-4668-9903-434AB7712427}.Debug|Any CPU.ActiveCfg = Debug|Any CPU
		{EA908E06-B9FF-4668-9903-434AB7712427}.Debug|Any CPU.Build.0 = Debug|Any CPU
		{EA908E06-B9FF-4668-9903-434AB7712427}.Release|Any CPU.ActiveCfg = Release|Any CPU
		{EA908E06-B9FF-4668-9903-434AB7712427}.Release|Any CPU.Build.0 = Release|Any CPU
		{7F6093F0-E85A-48FF-89A6-C30A2BEE1A0F}.Debug|Any CPU.ActiveCfg = Debug|Any CPU
		{7F6093F0-E85A-48FF-89A6-C30A2BEE1A0F}.Debug|Any CPU.Build.0 = Debug|Any CPU
		{7F6093F0-E85A-48FF-89A6-C30A2BEE1A0F}.Release|Any CPU.ActiveCfg = Release|Any CPU
		{7F6093F0-E85A-48FF-89A6-C30A2BEE1A0F}.Release|Any CPU.Build.0 = Release|Any CPU
	EndGlobalSection
	GlobalSection(SolutionProperties) = preSolution
		HideSolutionNode = FALSE
	EndGlobalSection
	GlobalSection(ExtensibilityGlobals) = postSolution
		SolutionGuid = {125246F3-6FF4-4259-A64C-5C89F7486EBA}
	EndGlobalSection
EndGlobal
