
Microsoft Visual Studio Solution File, Format Version 12.00
# Visual Studio Version 16
VisualStudioVersion = 16.0.31313.79
MinimumVisualStudioVersion = 10.0.40219.1
Project("{9A19103F-16F7-4668-BE54-9A1E7A4F7556}") = "Lab1", "Lab1\Lab1.csproj", "{9F74026E-A2F0-4F4D-8954-3FF30A4CF1DE}"
EndProject
Project("{9A19103F-16F7-4668-BE54-9A1E7A4F7556}") = "LabWebApi", "LabWebApi\LabWebApi.csproj", "{76F10BD7-FEBB-4E2F-A8AD-E0AEFA0CC5CF}"
EndProject
Project("{2150E333-8FDC-42A3-9474-1A3956D46DE8}") = "EmployeeMicroLab", "EmployeeMicroLab", "{5A737DE2-953A-49D3-9A64-CBA85EA1BFE3}"
EndProject
Project("{FAE04EC0-301F-11D3-BF4B-00C04F79EFBC}") = "MicEmployeUI", "MicEmployeUI\MicEmployeUI.csproj", "{9927AD9F-76D8-4D09-85C5-8045E507E91E}"
EndProject
Project("{FAE04EC0-301F-11D3-BF4B-00C04F79EFBC}") = "MicEmployeCoreLogic", "MicEmployeCoreLogic\MicEmployeCoreLogic.csproj", "{E158D39A-0AC1-47F3-966B-88C63E848AF9}"
EndProject
Global
	GlobalSection(SolutionConfigurationPlatforms) = preSolution
		Debug|Any CPU = Debug|Any CPU
		Release|Any CPU = Release|Any CPU
	EndGlobalSection
	GlobalSection(ProjectConfigurationPlatforms) = postSolution
		{9F74026E-A2F0-4F4D-8954-3FF30A4CF1DE}.Debug|Any CPU.ActiveCfg = Debug|Any CPU
		{9F74026E-A2F0-4F4D-8954-3FF30A4CF1DE}.Debug|Any CPU.Build.0 = Debug|Any CPU
		{9F74026E-A2F0-4F4D-8954-3FF30A4CF1DE}.Release|Any CPU.ActiveCfg = Release|Any CPU
		{9F74026E-A2F0-4F4D-8954-3FF30A4CF1DE}.Release|Any CPU.Build.0 = Release|Any CPU
		{76F10BD7-FEBB-4E2F-A8AD-E0AEFA0CC5CF}.Debug|Any CPU.ActiveCfg = Debug|Any CPU
		{76F10BD7-FEBB-4E2F-A8AD-E0AEFA0CC5CF}.Debug|Any CPU.Build.0 = Debug|Any CPU
		{76F10BD7-FEBB-4E2F-A8AD-E0AEFA0CC5CF}.Release|Any CPU.ActiveCfg = Release|Any CPU
		{76F10BD7-FEBB-4E2F-A8AD-E0AEFA0CC5CF}.Release|Any CPU.Build.0 = Release|Any CPU
		{9927AD9F-76D8-4D09-85C5-8045E507E91E}.Debug|Any CPU.ActiveCfg = Debug|Any CPU
		{9927AD9F-76D8-4D09-85C5-8045E507E91E}.Debug|Any CPU.Build.0 = Debug|Any CPU
		{9927AD9F-76D8-4D09-85C5-8045E507E91E}.Release|Any CPU.ActiveCfg = Release|Any CPU
		{9927AD9F-76D8-4D09-85C5-8045E507E91E}.Release|Any CPU.Build.0 = Release|Any CPU
		{E158D39A-0AC1-47F3-966B-88C63E848AF9}.Debug|Any CPU.ActiveCfg = Debug|Any CPU
		{E158D39A-0AC1-47F3-966B-88C63E848AF9}.Debug|Any CPU.Build.0 = Debug|Any CPU
		{E158D39A-0AC1-47F3-966B-88C63E848AF9}.Release|Any CPU.ActiveCfg = Release|Any CPU
		{E158D39A-0AC1-47F3-966B-88C63E848AF9}.Release|Any CPU.Build.0 = Release|Any CPU
	EndGlobalSection
	GlobalSection(SolutionProperties) = preSolution
		HideSolutionNode = FALSE
	EndGlobalSection
	GlobalSection(NestedProjects) = preSolution
		{9927AD9F-76D8-4D09-85C5-8045E507E91E} = {5A737DE2-953A-49D3-9A64-CBA85EA1BFE3}
		{E158D39A-0AC1-47F3-966B-88C63E848AF9} = {5A737DE2-953A-49D3-9A64-CBA85EA1BFE3}
	EndGlobalSection
	GlobalSection(ExtensibilityGlobals) = postSolution
		SolutionGuid = {AAE5B0C6-82E0-4DB8-8126-C857F47289E6}
	EndGlobalSection
EndGlobal
