
Microsoft Visual Studio Solution File, Format Version 12.00
# Visual Studio Version 16
VisualStudioVersion = 16.6.30114.105
MinimumVisualStudioVersion = 10.0.40219.1
Project("{9A19103F-16F7-4668-BE54-9A1E7A4F7556}") = "First", "First\First.csproj", "{57134AEB-5782-43DC-8802-2EFC6CBD38EA}"
EndProject
Project("{9A19103F-16F7-4668-BE54-9A1E7A4F7556}") = "Oopsapp", "Oopsapp\Oopsapp.csproj", "{64EF2EBA-1090-42FC-82BF-6CCFA931DA44}"
EndProject
Project("{9A19103F-16F7-4668-BE54-9A1E7A4F7556}") = "DelLambdas", "DelLambdas\DelLambdas.csproj", "{410441C7-F180-4AB2-85EA-48EF36EB5E80}"
EndProject
Project("{9A19103F-16F7-4668-BE54-9A1E7A4F7556}") = "UnderstandingEvents", "UnderstandingEvents\UnderstandingEvents.csproj", "{781CCCF1-A8F7-4B36-AE43-BAFC7097AEA5}"
EndProject
Project("{9A19103F-16F7-4668-BE54-9A1E7A4F7556}") = "CollectionDemos", "CollectionDemos\CollectionDemos.csproj", "{F5D0700B-0A8D-4DCB-A2F1-79B7D3F9E710}"
EndProject
Project("{2150E333-8FDC-42A3-9474-1A3956D46DE8}") = "NTier", "NTier", "{C9C54C0D-2750-44B7-B27C-6DA3F9219DBF}"
EndProject
Project("{9A19103F-16F7-4668-BE54-9A1E7A4F7556}") = "UI", "UI\UI.csproj", "{6A26C632-11AD-4188-9606-D6865F38D5B8}"
EndProject
Project("{9A19103F-16F7-4668-BE54-9A1E7A4F7556}") = "CoreLogicLayer1", "ConsoleLogicLayer1\CoreLogicLayer1.csproj", "{97ECD066-6800-4B44-BDA5-477FCB66E948}"
EndProject
Project("{9A19103F-16F7-4668-BE54-9A1E7A4F7556}") = "Asynchrony", "Asynchrony\Asynchrony.csproj", "{1A60D342-7CCF-407C-9A93-56153C73DFC0}"
EndProject
Project("{9A19103F-16F7-4668-BE54-9A1E7A4F7556}") = "UsingReflection", "UsingReflection\UsingReflection.csproj", "{385B2A6A-2A88-4968-BC3F-86545BBFE463}"
EndProject
Project("{9A19103F-16F7-4668-BE54-9A1E7A4F7556}") = "JsonSerialization", "Serialization\JsonSerialization.csproj", "{38F4C3F6-1D21-47FA-BCE3-9734ADE20A1E}"
EndProject
Project("{9A19103F-16F7-4668-BE54-9A1E7A4F7556}") = "AbsPhoneFactory", "AbsPhoneFactory\AbsPhoneFactory.csproj", "{13D28549-9787-4BFA-8A46-04918999E571}"
EndProject
Project("{9A19103F-16F7-4668-BE54-9A1E7A4F7556}") = "UsingDesignPatterns", "UsingDesignPatterns\UsingDesignPatterns.csproj", "{E835CA80-6386-4C22-917B-44CC994AD402}"
EndProject
Project("{9A19103F-16F7-4668-BE54-9A1E7A4F7556}") = "AdapterPattern", "AdapterPattern\AdapterPattern.csproj", "{95E83E33-47BD-4E0D-84FF-4788E74A37D5}"
EndProject
Project("{9A19103F-16F7-4668-BE54-9A1E7A4F7556}") = "UsingLog4Net", "UsingLog4Net\UsingLog4Net.csproj", "{9F391253-32D7-4E8B-BDCD-CB2AFE287BFE}"
EndProject
Project("{FAE04EC0-301F-11D3-BF4B-00C04F79EFBC}") = "MyApis", "FirstController\MyApis.csproj", "{CAE2BB5B-9C89-4BD3-B102-BC57F4B61BA6}"
EndProject
Global
	GlobalSection(SolutionConfigurationPlatforms) = preSolution
		Debug|Any CPU = Debug|Any CPU
		Debug|x64 = Debug|x64
		Debug|x86 = Debug|x86
		Release|Any CPU = Release|Any CPU
		Release|x64 = Release|x64
		Release|x86 = Release|x86
	EndGlobalSection
	GlobalSection(ProjectConfigurationPlatforms) = postSolution
		{57134AEB-5782-43DC-8802-2EFC6CBD38EA}.Debug|Any CPU.ActiveCfg = Debug|Any CPU
		{57134AEB-5782-43DC-8802-2EFC6CBD38EA}.Debug|Any CPU.Build.0 = Debug|Any CPU
		{57134AEB-5782-43DC-8802-2EFC6CBD38EA}.Debug|x64.ActiveCfg = Debug|Any CPU
		{57134AEB-5782-43DC-8802-2EFC6CBD38EA}.Debug|x64.Build.0 = Debug|Any CPU
		{57134AEB-5782-43DC-8802-2EFC6CBD38EA}.Debug|x86.ActiveCfg = Debug|Any CPU
		{57134AEB-5782-43DC-8802-2EFC6CBD38EA}.Debug|x86.Build.0 = Debug|Any CPU
		{57134AEB-5782-43DC-8802-2EFC6CBD38EA}.Release|Any CPU.ActiveCfg = Release|Any CPU
		{57134AEB-5782-43DC-8802-2EFC6CBD38EA}.Release|Any CPU.Build.0 = Release|Any CPU
		{57134AEB-5782-43DC-8802-2EFC6CBD38EA}.Release|x64.ActiveCfg = Release|Any CPU
		{57134AEB-5782-43DC-8802-2EFC6CBD38EA}.Release|x64.Build.0 = Release|Any CPU
		{57134AEB-5782-43DC-8802-2EFC6CBD38EA}.Release|x86.ActiveCfg = Release|Any CPU
		{57134AEB-5782-43DC-8802-2EFC6CBD38EA}.Release|x86.Build.0 = Release|Any CPU
		{64EF2EBA-1090-42FC-82BF-6CCFA931DA44}.Debug|Any CPU.ActiveCfg = Debug|Any CPU
		{64EF2EBA-1090-42FC-82BF-6CCFA931DA44}.Debug|Any CPU.Build.0 = Debug|Any CPU
		{64EF2EBA-1090-42FC-82BF-6CCFA931DA44}.Debug|x64.ActiveCfg = Debug|Any CPU
		{64EF2EBA-1090-42FC-82BF-6CCFA931DA44}.Debug|x64.Build.0 = Debug|Any CPU
		{64EF2EBA-1090-42FC-82BF-6CCFA931DA44}.Debug|x86.ActiveCfg = Debug|Any CPU
		{64EF2EBA-1090-42FC-82BF-6CCFA931DA44}.Debug|x86.Build.0 = Debug|Any CPU
		{64EF2EBA-1090-42FC-82BF-6CCFA931DA44}.Release|Any CPU.ActiveCfg = Release|Any CPU
		{64EF2EBA-1090-42FC-82BF-6CCFA931DA44}.Release|Any CPU.Build.0 = Release|Any CPU
		{64EF2EBA-1090-42FC-82BF-6CCFA931DA44}.Release|x64.ActiveCfg = Release|Any CPU
		{64EF2EBA-1090-42FC-82BF-6CCFA931DA44}.Release|x64.Build.0 = Release|Any CPU
		{64EF2EBA-1090-42FC-82BF-6CCFA931DA44}.Release|x86.ActiveCfg = Release|Any CPU
		{64EF2EBA-1090-42FC-82BF-6CCFA931DA44}.Release|x86.Build.0 = Release|Any CPU
		{410441C7-F180-4AB2-85EA-48EF36EB5E80}.Debug|Any CPU.ActiveCfg = Debug|Any CPU
		{410441C7-F180-4AB2-85EA-48EF36EB5E80}.Debug|Any CPU.Build.0 = Debug|Any CPU
		{410441C7-F180-4AB2-85EA-48EF36EB5E80}.Debug|x64.ActiveCfg = Debug|Any CPU
		{410441C7-F180-4AB2-85EA-48EF36EB5E80}.Debug|x64.Build.0 = Debug|Any CPU
		{410441C7-F180-4AB2-85EA-48EF36EB5E80}.Debug|x86.ActiveCfg = Debug|Any CPU
		{410441C7-F180-4AB2-85EA-48EF36EB5E80}.Debug|x86.Build.0 = Debug|Any CPU
		{410441C7-F180-4AB2-85EA-48EF36EB5E80}.Release|Any CPU.ActiveCfg = Release|Any CPU
		{410441C7-F180-4AB2-85EA-48EF36EB5E80}.Release|Any CPU.Build.0 = Release|Any CPU
		{410441C7-F180-4AB2-85EA-48EF36EB5E80}.Release|x64.ActiveCfg = Release|Any CPU
		{410441C7-F180-4AB2-85EA-48EF36EB5E80}.Release|x64.Build.0 = Release|Any CPU
		{410441C7-F180-4AB2-85EA-48EF36EB5E80}.Release|x86.ActiveCfg = Release|Any CPU
		{410441C7-F180-4AB2-85EA-48EF36EB5E80}.Release|x86.Build.0 = Release|Any CPU
		{781CCCF1-A8F7-4B36-AE43-BAFC7097AEA5}.Debug|Any CPU.ActiveCfg = Debug|Any CPU
		{781CCCF1-A8F7-4B36-AE43-BAFC7097AEA5}.Debug|Any CPU.Build.0 = Debug|Any CPU
		{781CCCF1-A8F7-4B36-AE43-BAFC7097AEA5}.Debug|x64.ActiveCfg = Debug|Any CPU
		{781CCCF1-A8F7-4B36-AE43-BAFC7097AEA5}.Debug|x64.Build.0 = Debug|Any CPU
		{781CCCF1-A8F7-4B36-AE43-BAFC7097AEA5}.Debug|x86.ActiveCfg = Debug|Any CPU
		{781CCCF1-A8F7-4B36-AE43-BAFC7097AEA5}.Debug|x86.Build.0 = Debug|Any CPU
		{781CCCF1-A8F7-4B36-AE43-BAFC7097AEA5}.Release|Any CPU.ActiveCfg = Release|Any CPU
		{781CCCF1-A8F7-4B36-AE43-BAFC7097AEA5}.Release|Any CPU.Build.0 = Release|Any CPU
		{781CCCF1-A8F7-4B36-AE43-BAFC7097AEA5}.Release|x64.ActiveCfg = Release|Any CPU
		{781CCCF1-A8F7-4B36-AE43-BAFC7097AEA5}.Release|x64.Build.0 = Release|Any CPU
		{781CCCF1-A8F7-4B36-AE43-BAFC7097AEA5}.Release|x86.ActiveCfg = Release|Any CPU
		{781CCCF1-A8F7-4B36-AE43-BAFC7097AEA5}.Release|x86.Build.0 = Release|Any CPU
		{F5D0700B-0A8D-4DCB-A2F1-79B7D3F9E710}.Debug|Any CPU.ActiveCfg = Debug|Any CPU
		{F5D0700B-0A8D-4DCB-A2F1-79B7D3F9E710}.Debug|Any CPU.Build.0 = Debug|Any CPU
		{F5D0700B-0A8D-4DCB-A2F1-79B7D3F9E710}.Debug|x64.ActiveCfg = Debug|Any CPU
		{F5D0700B-0A8D-4DCB-A2F1-79B7D3F9E710}.Debug|x64.Build.0 = Debug|Any CPU
		{F5D0700B-0A8D-4DCB-A2F1-79B7D3F9E710}.Debug|x86.ActiveCfg = Debug|Any CPU
		{F5D0700B-0A8D-4DCB-A2F1-79B7D3F9E710}.Debug|x86.Build.0 = Debug|Any CPU
		{F5D0700B-0A8D-4DCB-A2F1-79B7D3F9E710}.Release|Any CPU.ActiveCfg = Release|Any CPU
		{F5D0700B-0A8D-4DCB-A2F1-79B7D3F9E710}.Release|Any CPU.Build.0 = Release|Any CPU
		{F5D0700B-0A8D-4DCB-A2F1-79B7D3F9E710}.Release|x64.ActiveCfg = Release|Any CPU
		{F5D0700B-0A8D-4DCB-A2F1-79B7D3F9E710}.Release|x64.Build.0 = Release|Any CPU
		{F5D0700B-0A8D-4DCB-A2F1-79B7D3F9E710}.Release|x86.ActiveCfg = Release|Any CPU
		{F5D0700B-0A8D-4DCB-A2F1-79B7D3F9E710}.Release|x86.Build.0 = Release|Any CPU
		{6A26C632-11AD-4188-9606-D6865F38D5B8}.Debug|Any CPU.ActiveCfg = Debug|Any CPU
		{6A26C632-11AD-4188-9606-D6865F38D5B8}.Debug|Any CPU.Build.0 = Debug|Any CPU
		{6A26C632-11AD-4188-9606-D6865F38D5B8}.Debug|x64.ActiveCfg = Debug|Any CPU
		{6A26C632-11AD-4188-9606-D6865F38D5B8}.Debug|x64.Build.0 = Debug|Any CPU
		{6A26C632-11AD-4188-9606-D6865F38D5B8}.Debug|x86.ActiveCfg = Debug|Any CPU
		{6A26C632-11AD-4188-9606-D6865F38D5B8}.Debug|x86.Build.0 = Debug|Any CPU
		{6A26C632-11AD-4188-9606-D6865F38D5B8}.Release|Any CPU.ActiveCfg = Release|Any CPU
		{6A26C632-11AD-4188-9606-D6865F38D5B8}.Release|Any CPU.Build.0 = Release|Any CPU
		{6A26C632-11AD-4188-9606-D6865F38D5B8}.Release|x64.ActiveCfg = Release|Any CPU
		{6A26C632-11AD-4188-9606-D6865F38D5B8}.Release|x64.Build.0 = Release|Any CPU
		{6A26C632-11AD-4188-9606-D6865F38D5B8}.Release|x86.ActiveCfg = Release|Any CPU
		{6A26C632-11AD-4188-9606-D6865F38D5B8}.Release|x86.Build.0 = Release|Any CPU
		{97ECD066-6800-4B44-BDA5-477FCB66E948}.Debug|Any CPU.ActiveCfg = Debug|Any CPU
		{97ECD066-6800-4B44-BDA5-477FCB66E948}.Debug|Any CPU.Build.0 = Debug|Any CPU
		{97ECD066-6800-4B44-BDA5-477FCB66E948}.Debug|x64.ActiveCfg = Debug|Any CPU
		{97ECD066-6800-4B44-BDA5-477FCB66E948}.Debug|x64.Build.0 = Debug|Any CPU
		{97ECD066-6800-4B44-BDA5-477FCB66E948}.Debug|x86.ActiveCfg = Debug|Any CPU
		{97ECD066-6800-4B44-BDA5-477FCB66E948}.Debug|x86.Build.0 = Debug|Any CPU
		{97ECD066-6800-4B44-BDA5-477FCB66E948}.Release|Any CPU.ActiveCfg = Release|Any CPU
		{97ECD066-6800-4B44-BDA5-477FCB66E948}.Release|Any CPU.Build.0 = Release|Any CPU
		{97ECD066-6800-4B44-BDA5-477FCB66E948}.Release|x64.ActiveCfg = Release|Any CPU
		{97ECD066-6800-4B44-BDA5-477FCB66E948}.Release|x64.Build.0 = Release|Any CPU
		{97ECD066-6800-4B44-BDA5-477FCB66E948}.Release|x86.ActiveCfg = Release|Any CPU
		{97ECD066-6800-4B44-BDA5-477FCB66E948}.Release|x86.Build.0 = Release|Any CPU
		{1A60D342-7CCF-407C-9A93-56153C73DFC0}.Debug|Any CPU.ActiveCfg = Debug|Any CPU
		{1A60D342-7CCF-407C-9A93-56153C73DFC0}.Debug|Any CPU.Build.0 = Debug|Any CPU
		{1A60D342-7CCF-407C-9A93-56153C73DFC0}.Debug|x64.ActiveCfg = Debug|Any CPU
		{1A60D342-7CCF-407C-9A93-56153C73DFC0}.Debug|x64.Build.0 = Debug|Any CPU
		{1A60D342-7CCF-407C-9A93-56153C73DFC0}.Debug|x86.ActiveCfg = Debug|Any CPU
		{1A60D342-7CCF-407C-9A93-56153C73DFC0}.Debug|x86.Build.0 = Debug|Any CPU
		{1A60D342-7CCF-407C-9A93-56153C73DFC0}.Release|Any CPU.ActiveCfg = Release|Any CPU
		{1A60D342-7CCF-407C-9A93-56153C73DFC0}.Release|Any CPU.Build.0 = Release|Any CPU
		{1A60D342-7CCF-407C-9A93-56153C73DFC0}.Release|x64.ActiveCfg = Release|Any CPU
		{1A60D342-7CCF-407C-9A93-56153C73DFC0}.Release|x64.Build.0 = Release|Any CPU
		{1A60D342-7CCF-407C-9A93-56153C73DFC0}.Release|x86.ActiveCfg = Release|Any CPU
		{1A60D342-7CCF-407C-9A93-56153C73DFC0}.Release|x86.Build.0 = Release|Any CPU
		{385B2A6A-2A88-4968-BC3F-86545BBFE463}.Debug|Any CPU.ActiveCfg = Debug|Any CPU
		{385B2A6A-2A88-4968-BC3F-86545BBFE463}.Debug|Any CPU.Build.0 = Debug|Any CPU
		{385B2A6A-2A88-4968-BC3F-86545BBFE463}.Debug|x64.ActiveCfg = Debug|Any CPU
		{385B2A6A-2A88-4968-BC3F-86545BBFE463}.Debug|x64.Build.0 = Debug|Any CPU
		{385B2A6A-2A88-4968-BC3F-86545BBFE463}.Debug|x86.ActiveCfg = Debug|Any CPU
		{385B2A6A-2A88-4968-BC3F-86545BBFE463}.Debug|x86.Build.0 = Debug|Any CPU
		{385B2A6A-2A88-4968-BC3F-86545BBFE463}.Release|Any CPU.ActiveCfg = Release|Any CPU
		{385B2A6A-2A88-4968-BC3F-86545BBFE463}.Release|Any CPU.Build.0 = Release|Any CPU
		{385B2A6A-2A88-4968-BC3F-86545BBFE463}.Release|x64.ActiveCfg = Release|Any CPU
		{385B2A6A-2A88-4968-BC3F-86545BBFE463}.Release|x64.Build.0 = Release|Any CPU
		{385B2A6A-2A88-4968-BC3F-86545BBFE463}.Release|x86.ActiveCfg = Release|Any CPU
		{385B2A6A-2A88-4968-BC3F-86545BBFE463}.Release|x86.Build.0 = Release|Any CPU
		{38F4C3F6-1D21-47FA-BCE3-9734ADE20A1E}.Debug|Any CPU.ActiveCfg = Debug|Any CPU
		{38F4C3F6-1D21-47FA-BCE3-9734ADE20A1E}.Debug|Any CPU.Build.0 = Debug|Any CPU
		{38F4C3F6-1D21-47FA-BCE3-9734ADE20A1E}.Debug|x64.ActiveCfg = Debug|Any CPU
		{38F4C3F6-1D21-47FA-BCE3-9734ADE20A1E}.Debug|x64.Build.0 = Debug|Any CPU
		{38F4C3F6-1D21-47FA-BCE3-9734ADE20A1E}.Debug|x86.ActiveCfg = Debug|Any CPU
		{38F4C3F6-1D21-47FA-BCE3-9734ADE20A1E}.Debug|x86.Build.0 = Debug|Any CPU
		{38F4C3F6-1D21-47FA-BCE3-9734ADE20A1E}.Release|Any CPU.ActiveCfg = Release|Any CPU
		{38F4C3F6-1D21-47FA-BCE3-9734ADE20A1E}.Release|Any CPU.Build.0 = Release|Any CPU
		{38F4C3F6-1D21-47FA-BCE3-9734ADE20A1E}.Release|x64.ActiveCfg = Release|Any CPU
		{38F4C3F6-1D21-47FA-BCE3-9734ADE20A1E}.Release|x64.Build.0 = Release|Any CPU
		{38F4C3F6-1D21-47FA-BCE3-9734ADE20A1E}.Release|x86.ActiveCfg = Release|Any CPU
		{38F4C3F6-1D21-47FA-BCE3-9734ADE20A1E}.Release|x86.Build.0 = Release|Any CPU
		{13D28549-9787-4BFA-8A46-04918999E571}.Debug|Any CPU.ActiveCfg = Debug|Any CPU
		{13D28549-9787-4BFA-8A46-04918999E571}.Debug|Any CPU.Build.0 = Debug|Any CPU
		{13D28549-9787-4BFA-8A46-04918999E571}.Debug|x64.ActiveCfg = Debug|Any CPU
		{13D28549-9787-4BFA-8A46-04918999E571}.Debug|x64.Build.0 = Debug|Any CPU
		{13D28549-9787-4BFA-8A46-04918999E571}.Debug|x86.ActiveCfg = Debug|Any CPU
		{13D28549-9787-4BFA-8A46-04918999E571}.Debug|x86.Build.0 = Debug|Any CPU
		{13D28549-9787-4BFA-8A46-04918999E571}.Release|Any CPU.ActiveCfg = Release|Any CPU
		{13D28549-9787-4BFA-8A46-04918999E571}.Release|Any CPU.Build.0 = Release|Any CPU
		{13D28549-9787-4BFA-8A46-04918999E571}.Release|x64.ActiveCfg = Release|Any CPU
		{13D28549-9787-4BFA-8A46-04918999E571}.Release|x64.Build.0 = Release|Any CPU
		{13D28549-9787-4BFA-8A46-04918999E571}.Release|x86.ActiveCfg = Release|Any CPU
		{13D28549-9787-4BFA-8A46-04918999E571}.Release|x86.Build.0 = Release|Any CPU
		{E835CA80-6386-4C22-917B-44CC994AD402}.Debug|Any CPU.ActiveCfg = Debug|Any CPU
		{E835CA80-6386-4C22-917B-44CC994AD402}.Debug|Any CPU.Build.0 = Debug|Any CPU
		{E835CA80-6386-4C22-917B-44CC994AD402}.Debug|x64.ActiveCfg = Debug|Any CPU
		{E835CA80-6386-4C22-917B-44CC994AD402}.Debug|x64.Build.0 = Debug|Any CPU
		{E835CA80-6386-4C22-917B-44CC994AD402}.Debug|x86.ActiveCfg = Debug|Any CPU
		{E835CA80-6386-4C22-917B-44CC994AD402}.Debug|x86.Build.0 = Debug|Any CPU
		{E835CA80-6386-4C22-917B-44CC994AD402}.Release|Any CPU.ActiveCfg = Release|Any CPU
		{E835CA80-6386-4C22-917B-44CC994AD402}.Release|Any CPU.Build.0 = Release|Any CPU
		{E835CA80-6386-4C22-917B-44CC994AD402}.Release|x64.ActiveCfg = Release|Any CPU
		{E835CA80-6386-4C22-917B-44CC994AD402}.Release|x64.Build.0 = Release|Any CPU
		{E835CA80-6386-4C22-917B-44CC994AD402}.Release|x86.ActiveCfg = Release|Any CPU
		{E835CA80-6386-4C22-917B-44CC994AD402}.Release|x86.Build.0 = Release|Any CPU
		{95E83E33-47BD-4E0D-84FF-4788E74A37D5}.Debug|Any CPU.ActiveCfg = Debug|Any CPU
		{95E83E33-47BD-4E0D-84FF-4788E74A37D5}.Debug|Any CPU.Build.0 = Debug|Any CPU
		{95E83E33-47BD-4E0D-84FF-4788E74A37D5}.Debug|x64.ActiveCfg = Debug|Any CPU
		{95E83E33-47BD-4E0D-84FF-4788E74A37D5}.Debug|x64.Build.0 = Debug|Any CPU
		{95E83E33-47BD-4E0D-84FF-4788E74A37D5}.Debug|x86.ActiveCfg = Debug|Any CPU
		{95E83E33-47BD-4E0D-84FF-4788E74A37D5}.Debug|x86.Build.0 = Debug|Any CPU
		{95E83E33-47BD-4E0D-84FF-4788E74A37D5}.Release|Any CPU.ActiveCfg = Release|Any CPU
		{95E83E33-47BD-4E0D-84FF-4788E74A37D5}.Release|Any CPU.Build.0 = Release|Any CPU
		{95E83E33-47BD-4E0D-84FF-4788E74A37D5}.Release|x64.ActiveCfg = Release|Any CPU
		{95E83E33-47BD-4E0D-84FF-4788E74A37D5}.Release|x64.Build.0 = Release|Any CPU
		{95E83E33-47BD-4E0D-84FF-4788E74A37D5}.Release|x86.ActiveCfg = Release|Any CPU
		{95E83E33-47BD-4E0D-84FF-4788E74A37D5}.Release|x86.Build.0 = Release|Any CPU
		{9F391253-32D7-4E8B-BDCD-CB2AFE287BFE}.Debug|Any CPU.ActiveCfg = Debug|Any CPU
		{9F391253-32D7-4E8B-BDCD-CB2AFE287BFE}.Debug|Any CPU.Build.0 = Debug|Any CPU
		{9F391253-32D7-4E8B-BDCD-CB2AFE287BFE}.Debug|x64.ActiveCfg = Debug|Any CPU
		{9F391253-32D7-4E8B-BDCD-CB2AFE287BFE}.Debug|x64.Build.0 = Debug|Any CPU
		{9F391253-32D7-4E8B-BDCD-CB2AFE287BFE}.Debug|x86.ActiveCfg = Debug|Any CPU
		{9F391253-32D7-4E8B-BDCD-CB2AFE287BFE}.Debug|x86.Build.0 = Debug|Any CPU
		{9F391253-32D7-4E8B-BDCD-CB2AFE287BFE}.Release|Any CPU.ActiveCfg = Release|Any CPU
		{9F391253-32D7-4E8B-BDCD-CB2AFE287BFE}.Release|Any CPU.Build.0 = Release|Any CPU
		{9F391253-32D7-4E8B-BDCD-CB2AFE287BFE}.Release|x64.ActiveCfg = Release|Any CPU
		{9F391253-32D7-4E8B-BDCD-CB2AFE287BFE}.Release|x64.Build.0 = Release|Any CPU
		{9F391253-32D7-4E8B-BDCD-CB2AFE287BFE}.Release|x86.ActiveCfg = Release|Any CPU
		{9F391253-32D7-4E8B-BDCD-CB2AFE287BFE}.Release|x86.Build.0 = Release|Any CPU
		{CAE2BB5B-9C89-4BD3-B102-BC57F4B61BA6}.Debug|Any CPU.ActiveCfg = Debug|Any CPU
		{CAE2BB5B-9C89-4BD3-B102-BC57F4B61BA6}.Debug|Any CPU.Build.0 = Debug|Any CPU
		{CAE2BB5B-9C89-4BD3-B102-BC57F4B61BA6}.Debug|x64.ActiveCfg = Debug|Any CPU
		{CAE2BB5B-9C89-4BD3-B102-BC57F4B61BA6}.Debug|x64.Build.0 = Debug|Any CPU
		{CAE2BB5B-9C89-4BD3-B102-BC57F4B61BA6}.Debug|x86.ActiveCfg = Debug|Any CPU
		{CAE2BB5B-9C89-4BD3-B102-BC57F4B61BA6}.Debug|x86.Build.0 = Debug|Any CPU
		{CAE2BB5B-9C89-4BD3-B102-BC57F4B61BA6}.Release|Any CPU.ActiveCfg = Release|Any CPU
		{CAE2BB5B-9C89-4BD3-B102-BC57F4B61BA6}.Release|Any CPU.Build.0 = Release|Any CPU
		{CAE2BB5B-9C89-4BD3-B102-BC57F4B61BA6}.Release|x64.ActiveCfg = Release|Any CPU
		{CAE2BB5B-9C89-4BD3-B102-BC57F4B61BA6}.Release|x64.Build.0 = Release|Any CPU
		{CAE2BB5B-9C89-4BD3-B102-BC57F4B61BA6}.Release|x86.ActiveCfg = Release|Any CPU
		{CAE2BB5B-9C89-4BD3-B102-BC57F4B61BA6}.Release|x86.Build.0 = Release|Any CPU
	EndGlobalSection
	GlobalSection(SolutionProperties) = preSolution
		HideSolutionNode = FALSE
	EndGlobalSection
	GlobalSection(NestedProjects) = preSolution
		{6A26C632-11AD-4188-9606-D6865F38D5B8} = {C9C54C0D-2750-44B7-B27C-6DA3F9219DBF}
		{97ECD066-6800-4B44-BDA5-477FCB66E948} = {C9C54C0D-2750-44B7-B27C-6DA3F9219DBF}
	EndGlobalSection
	GlobalSection(ExtensibilityGlobals) = postSolution
		SolutionGuid = {C505C22D-5187-44FB-82D7-B9EE1930819F}
	EndGlobalSection
EndGlobal
